
Microsoft Visual Studio Solution File, Format Version 12.00
# Visual Studio for Mac
Project("{FAE04EC0-301F-11D3-BF4B-00C04F79EFBC}") = "macadamia5", "macadamia5.csproj", "{BF4D74EC-E072-2965-7385-B6BC9909B3CE}"
EndProject
Project("{FAE04EC0-301F-11D3-BF4B-00C04F79EFBC}") = "macadamia5.Editor", "macadamia5.Editor.csproj", "{B2058EF9-9CD3-CA03-1587-A4FA9ECD3AA2}"
EndProject
Global
	GlobalSection(SolutionConfigurationPlatforms) = preSolution
		Debug|Any CPU = Debug|Any CPU
		Release|Any CPU = Release|Any CPU
	EndGlobalSection
	GlobalSection(ProjectConfigurationPlatforms) = postSolution
		{BF4D74EC-E072-2965-7385-B6BC9909B3CE}.Debug|Any CPU.ActiveCfg = Debug|Any CPU
		{BF4D74EC-E072-2965-7385-B6BC9909B3CE}.Debug|Any CPU.Build.0 = Debug|Any CPU
		{BF4D74EC-E072-2965-7385-B6BC9909B3CE}.Release|Any CPU.ActiveCfg = Release|Any CPU
		{BF4D74EC-E072-2965-7385-B6BC9909B3CE}.Release|Any CPU.Build.0 = Release|Any CPU
		{B2058EF9-9CD3-CA03-1587-A4FA9ECD3AA2}.Debug|Any CPU.ActiveCfg = Debug|Any CPU
		{B2058EF9-9CD3-CA03-1587-A4FA9ECD3AA2}.Debug|Any CPU.Build.0 = Debug|Any CPU
		{B2058EF9-9CD3-CA03-1587-A4FA9ECD3AA2}.Release|Any CPU.ActiveCfg = Release|Any CPU
		{B2058EF9-9CD3-CA03-1587-A4FA9ECD3AA2}.Release|Any CPU.Build.0 = Release|Any CPU
	EndGlobalSection
	GlobalSection(SolutionProperties) = preSolution
		HideSolutionNode = FALSE
	EndGlobalSection
EndGlobal
